{
  "requires": true,
  "lockfileVersion": 1,
  "dependencies": {
    "@types/node": {
      "version": "12.12.17",
      "resolved": "https://fidata.jfrog.io/fidata/api/npm/npm/@types/node/-/node-12.12.17.tgz",
      "integrity": "sha1-GRtx5/TDJe4PsjvEqZZHfZK4w5s=",
      "dev": true
    },
    "commander": {
      "version": "3.0.2",
      "resolved": "https://fidata.jfrog.io/fidata/api/npm/npm/commander/-/commander-3.0.2.tgz",
      "integrity": "sha1-aDfD+2d62ZM9HPukLdFNURfWs54=",
      "dev": true
    },
    "jjo": {
      "version": "1.2.1",
      "resolved": "https://fidata.jfrog.io/fidata/api/npm/npm/jjo/-/jjo-1.2.1.tgz",
      "integrity": "sha1-r+VsJQSBwOJf6zJJtUCtty0Q3EM=",
      "dev": true,
      "requires": {
        "@types/node": "^12.7.8",
        "commander": "^3.0.2"
      }
    }
  }
}
